
Microsoft Visual Studio Solution File, Format Version 12.00
# Visual Studio 15
VisualStudioVersion = 15.0.28307.852
MinimumVisualStudioVersion = 10.0.40219.1
Project("{FAE04EC0-301F-11D3-BF4B-00C04F79EFBC}") = "syf_303(radiobutton(", "syf_303(radiobutton(\syf_303(radiobutton(.csproj", "{0D3B8DF1-8701-41D2-965A-0DBB0E18774A}"
EndProject
Global
	GlobalSection(SolutionConfigurationPlatforms) = preSolution
		Debug|Any CPU = Debug|Any CPU
		Release|Any CPU = Release|Any CPU
	EndGlobalSection
	GlobalSection(ProjectConfigurationPlatforms) = postSolution
		{0D3B8DF1-8701-41D2-965A-0DBB0E18774A}.Debug|Any CPU.ActiveCfg = Debug|Any CPU
		{0D3B8DF1-8701-41D2-965A-0DBB0E18774A}.Debug|Any CPU.Build.0 = Debug|Any CPU
		{0D3B8DF1-8701-41D2-965A-0DBB0E18774A}.Release|Any CPU.ActiveCfg = Release|Any CPU
		{0D3B8DF1-8701-41D2-965A-0DBB0E18774A}.Release|Any CPU.Build.0 = Release|Any CPU
	EndGlobalSection
	GlobalSection(SolutionProperties) = preSolution
		HideSolutionNode = FALSE
	EndGlobalSection
	GlobalSection(ExtensibilityGlobals) = postSolution
		SolutionGuid = {4AE3B6AF-E1F0-4D95-A83F-254E6C4A723E}
	EndGlobalSection
EndGlobal
